
Microsoft Visual Studio Solution File, Format Version 12.00
# Visual Studio Version 17
VisualStudioVersion = 17.4.33110.190
MinimumVisualStudioVersion = 10.0.40219.1
Project("{FAE04EC0-301F-11D3-BF4B-00C04F79EFBC}") = "BasicCsharp", "BasicCsharp.csproj", "{2AF697FF-A64D-4447-B635-F3BCA5E5337B}"
EndProject
Global
	GlobalSection(SolutionConfigurationPlatforms) = preSolution
		Debug|Any CPU = Debug|Any CPU
		Release|Any CPU = Release|Any CPU
	EndGlobalSection
	GlobalSection(ProjectConfigurationPlatforms) = postSolution
		{2AF697FF-A64D-4447-B635-F3BCA5E5337B}.Debug|Any CPU.ActiveCfg = Debug|Any CPU
		{2AF697FF-A64D-4447-B635-F3BCA5E5337B}.Debug|Any CPU.Build.0 = Debug|Any CPU
		{2AF697FF-A64D-4447-B635-F3BCA5E5337B}.Release|Any CPU.ActiveCfg = Release|Any CPU
		{2AF697FF-A64D-4447-B635-F3BCA5E5337B}.Release|Any CPU.Build.0 = Release|Any CPU
	EndGlobalSection
	GlobalSection(SolutionProperties) = preSolution
		HideSolutionNode = FALSE
	EndGlobalSection
	GlobalSection(ExtensibilityGlobals) = postSolution
		SolutionGuid = {33E92A55-9B4D-46AC-812F-88E9D6C37F83}
	EndGlobalSection
EndGlobal
